
Microsoft Visual Studio Solution File, Format Version 12.00
# Visual Studio Version 16
VisualStudioVersion = 16.0.28803.202
MinimumVisualStudioVersion = 10.0.40219.1
Project("{FAE04EC0-301F-11D3-BF4B-00C04F79EFBC}") = "DataLakeGen2RestExample", "DataLakeGen2RestExample\DataLakeGen2RestExample.csproj", "{590829BC-B7A4-44C1-A352-89B5A48BB234}"
EndProject
Global
	GlobalSection(SolutionConfigurationPlatforms) = preSolution
		Debug|Any CPU = Debug|Any CPU
		Release|Any CPU = Release|Any CPU
	EndGlobalSection
	GlobalSection(ProjectConfigurationPlatforms) = postSolution
		{590829BC-B7A4-44C1-A352-89B5A48BB234}.Debug|Any CPU.ActiveCfg = Debug|Any CPU
		{590829BC-B7A4-44C1-A352-89B5A48BB234}.Debug|Any CPU.Build.0 = Debug|Any CPU
		{590829BC-B7A4-44C1-A352-89B5A48BB234}.Release|Any CPU.ActiveCfg = Release|Any CPU
		{590829BC-B7A4-44C1-A352-89B5A48BB234}.Release|Any CPU.Build.0 = Release|Any CPU
	EndGlobalSection
	GlobalSection(SolutionProperties) = preSolution
		HideSolutionNode = FALSE
	EndGlobalSection
	GlobalSection(ExtensibilityGlobals) = postSolution
		SolutionGuid = {72AFF99C-F79A-474D-A5E3-F0A1112195C1}
	EndGlobalSection
EndGlobal
